// !$*UTF8*$!
{
	archiveVersion = 1;
	classes = {
	};
	objectVersion = 55;
	objects = {

/* Begin PBXBuildFile section */
		2F4087F229E5085700E94F8A /* SquareNode.swift in Sources */ = {isa = PBXBuildFile; fileRef = 2F4087F129E5085700E94F8A /* SquareNode.swift */; };
		2F52DE6A29C67A38000B695D /* AppDelegate.swift in Sources */ = {isa = PBXBuildFile; fileRef = 2F52DE6929C67A38000B695D /* AppDelegate.swift */; };
		2F52DE6C29C67A38000B695D /* GameScene.sks in Resources */ = {isa = PBXBuildFile; fileRef = 2F52DE6B29C67A38000B695D /* GameScene.sks */; };
		2F52DE6E29C67A38000B695D /* Actions.sks in Resources */ = {isa = PBXBuildFile; fileRef = 2F52DE6D29C67A38000B695D /* Actions.sks */; };
		2F52DE7029C67A38000B695D /* GameScene.swift in Sources */ = {isa = PBXBuildFile; fileRef = 2F52DE6F29C67A38000B695D /* GameScene.swift */; };
		2F52DE7229C67A38000B695D /* GameViewController.swift in Sources */ = {isa = PBXBuildFile; fileRef = 2F52DE7129C67A38000B695D /* GameViewController.swift */; };
		2F52DE7529C67A38000B695D /* Main.storyboard in Resources */ = {isa = PBXBuildFile; fileRef = 2F52DE7329C67A38000B695D /* Main.storyboard */; };
		2F52DE7729C67A39000B695D /* Assets.xcassets in Resources */ = {isa = PBXBuildFile; fileRef = 2F52DE7629C67A39000B695D /* Assets.xcassets */; };
		2F52DE7A29C67A39000B695D /* LaunchScreen.storyboard in Resources */ = {isa = PBXBuildFile; fileRef = 2F52DE7829C67A39000B695D /* LaunchScreen.storyboard */; };
/* End PBXBuildFile section */

/* Begin PBXFileReference section */
		2F4087F129E5085700E94F8A /* SquareNode.swift */ = {isa = PBXFileReference; lastKnownFileType = sourcecode.swift; path = SquareNode.swift; sourceTree = "<group>"; };
		2F52DE6629C67A38000B695D /* Speed Square.app */ = {isa = PBXFileReference; explicitFileType = wrapper.application; includeInIndex = 0; path = "Speed Square.app"; sourceTree = BUILT_PRODUCTS_DIR; };
		2F52DE6929C67A38000B695D /* AppDelegate.swift */ = {isa = PBXFileReference; lastKnownFileType = sourcecode.swift; path = AppDelegate.swift; sourceTree = "<group>"; };
		2F52DE6B29C67A38000B695D /* GameScene.sks */ = {isa = PBXFileReference; lastKnownFileType = file.sks; path = GameScene.sks; sourceTree = "<group>"; };
		2F52DE6D29C67A38000B695D /* Actions.sks */ = {isa = PBXFileReference; lastKnownFileType = file.sks; path = Actions.sks; sourceTree = "<group>"; };
		2F52DE6F29C67A38000B695D /* GameScene.swift */ = {isa = PBXFileReference; lastKnownFileType = sourcecode.swift; path = GameScene.swift; sourceTree = "<group>"; };
		2F52DE7129C67A38000B695D /* GameViewController.swift */ = {isa = PBXFileReference; lastKnownFileType = sourcecode.swift; path = GameViewController.swift; sourceTree = "<group>"; };
		2F52DE7429C67A38000B695D /* Base */ = {isa = PBXFileReference; lastKnownFileType = file.storyboard; name = Base; path = Base.lproj/Main.storyboard; sourceTree = "<group>"; };
		2F52DE7629C67A39000B695D /* Assets.xcassets */ = {isa = PBXFileReference; lastKnownFileType = folder.assetcatalog; path = Assets.xcassets; sourceTree = "<group>"; };
		2F52DE7929C67A39000B695D /* Base */ = {isa = PBXFileReference; lastKnownFileType = file.storyboard; name = Base; path = Base.lproj/LaunchScreen.storyboard; sourceTree = "<group>"; };
/* End PBXFileReference section */

/* Begin PBXFrameworksBuildPhase section */
		2F52DE6329C67A38000B695D /* Frameworks */ = {
			isa = PBXFrameworksBuildPhase;
			buildActionMask = 2147483647;
			files = (
			);
			runOnlyForDeploymentPostprocessing = 0;
		};
/* End PBXFrameworksBuildPhase section */

/* Begin PBXGroup section */
		2F4087F029E5083200E94F8A /* Nodes */ = {
			isa = PBXGroup;
			children = (
				2F4087F129E5085700E94F8A /* SquareNode.swift */,
			);
			path = Nodes;
			sourceTree = "<group>";
		};
		2F52DE5D29C67A38000B695D = {
			isa = PBXGroup;
			children = (
				2F52DE6829C67A38000B695D /* Speed Square */,
				2F52DE6729C67A38000B695D /* Products */,
			);
			sourceTree = "<group>";
		};
		2F52DE6729C67A38000B695D /* Products */ = {
			isa = PBXGroup;
			children = (
				2F52DE6629C67A38000B695D /* Speed Square.app */,
			);
			name = Products;
			sourceTree = "<group>";
		};
		2F52DE6829C67A38000B695D /* Speed Square */ = {
			isa = PBXGroup;
			children = (
				2F52DE8029C681EA000B695D /* Delegates */,
				2F52DE6B29C67A38000B695D /* GameScene.sks */,
				2F52DE6D29C67A38000B695D /* Actions.sks */,
				2F4087F029E5083200E94F8A /* Nodes */,
				2F52DE8129C68209000B695D /* Scenes */,
				2F52DE8229C68216000B695D /* Controllers */,
				2F52DE8329C68236000B695D /* Mains */,
				2F52DE8429C6823D000B695D /* Resources */,
			);
			path = "Speed Square";
			sourceTree = "<group>";
		};
		2F52DE8029C681EA000B695D /* Delegates */ = {
			isa = PBXGroup;
			children = (
				2F52DE6929C67A38000B695D /* AppDelegate.swift */,
			);
			path = Delegates;
			sourceTree = "<group>";
		};
		2F52DE8129C68209000B695D /* Scenes */ = {
			isa = PBXGroup;
			children = (
				2F52DE6F29C67A38000B695D /* GameScene.swift */,
			);
			path = Scenes;
			sourceTree = "<group>";
		};
		2F52DE8229C68216000B695D /* Controllers */ = {
			isa = PBXGroup;
			children = (
				2F52DE7129C67A38000B695D /* GameViewController.swift */,
			);
			path = Controllers;
			sourceTree = "<group>";
		};
		2F52DE8329C68236000B695D /* Mains */ = {
			isa = PBXGroup;
			children = (
				2F52DE7329C67A38000B695D /* Main.storyboard */,
				2F52DE7829C67A39000B695D /* LaunchScreen.storyboard */,
			);
			path = Mains;
			sourceTree = "<group>";
		};
		2F52DE8429C6823D000B695D /* Resources */ = {
			isa = PBXGroup;
			children = (
				2F52DE7629C67A39000B695D /* Assets.xcassets */,
			);
			path = Resources;
			sourceTree = "<group>";
		};
/* End PBXGroup section */

/* Begin PBXNativeTarget section */
		2F52DE6529C67A38000B695D /* Speed Square */ = {
			isa = PBXNativeTarget;
			buildConfigurationList = 2F52DE7D29C67A39000B695D /* Build configuration list for PBXNativeTarget "Speed Square" */;
			buildPhases = (
				2F52DE6229C67A38000B695D /* Sources */,
				2F52DE6329C67A38000B695D /* Frameworks */,
				2F52DE6429C67A38000B695D /* Resources */,
			);
			buildRules = (
			);
			dependencies = (
			);
			name = "Speed Square";
			productName = "Speed Square";
			productReference = 2F52DE6629C67A38000B695D /* Speed Square.app */;
			productType = "com.apple.product-type.application";
		};
/* End PBXNativeTarget section */

/* Begin PBXProject section */
		2F52DE5E29C67A38000B695D /* Project object */ = {
			isa = PBXProject;
			attributes = {
				BuildIndependentTargetsInParallel = 1;
				LastSwiftUpdateCheck = 1330;
				LastUpgradeCheck = 1330;
				TargetAttributes = {
					2F52DE6529C67A38000B695D = {
						CreatedOnToolsVersion = 13.3;
					};
				};
			};
			buildConfigurationList = 2F52DE6129C67A38000B695D /* Build configuration list for PBXProject "Speed Square" */;
			compatibilityVersion = "Xcode 13.0";
			developmentRegion = en;
			hasScannedForEncodings = 0;
			knownRegions = (
				en,
				Base,
			);
			mainGroup = 2F52DE5D29C67A38000B695D;
			productRefGroup = 2F52DE6729C67A38000B695D /* Products */;
			projectDirPath = "";
			projectRoot = "";
			targets = (
				2F52DE6529C67A38000B695D /* Speed Square */,
			);
		};
/* End PBXProject section */

/* Begin PBXResourcesBuildPhase section */
		2F52DE6429C67A38000B695D /* Resources */ = {
			isa = PBXResourcesBuildPhase;
			buildActionMask = 2147483647;
			files = (
				2F52DE7529C67A38000B695D /* Main.storyboard in Resources */,
				2F52DE6C29C67A38000B695D /* GameScene.sks in Resources */,
				2F52DE7729C67A39000B695D /* Assets.xcassets in Resources */,
				2F52DE7A29C67A39000B695D /* LaunchScreen.storyboard in Resources */,
				2F52DE6E29C67A38000B695D /* Actions.sks in Resources */,
			);
			runOnlyForDeploymentPostprocessing = 0;
		};
/* End PBXResourcesBuildPhase section */

/* Begin PBXSourcesBuildPhase section */
		2F52DE6229C67A38000B695D /* Sources */ = {
			isa = PBXSourcesBuildPhase;
			buildActionMask = 2147483647;
			files = (
				2F4087F229E5085700E94F8A /* SquareNode.swift in Sources */,
				2F52DE7029C67A38000B695D /* GameScene.swift in Sources */,
				2F52DE7229C67A38000B695D /* GameViewController.swift in Sources */,
				2F52DE6A29C67A38000B695D /* AppDelegate.swift in Sources */,
			);
			runOnlyForDeploymentPostprocessing = 0;
		};
/* End PBXSourcesBuildPhase section */

/* Begin PBXVariantGroup section */
		2F52DE7329C67A38000B695D /* Main.storyboard */ = {
			isa = PBXVariantGroup;
			children = (
				2F52DE7429C67A38000B695D /* Base */,
			);
			name = Main.storyboard;
			sourceTree = "<group>";
		};
		2F52DE7829C67A39000B695D /* LaunchScreen.storyboard */ = {
			isa = PBXVariantGroup;
			children = (
				2F52DE7929C67A39000B695D /* Base */,
			);
			name = LaunchScreen.storyboard;
			sourceTree = "<group>";
		};
/* End PBXVariantGroup section */

/* Begin XCBuildConfiguration section */
		2F52DE7B29C67A39000B695D /* Debug */ = {
			isa = XCBuildConfiguration;
			buildSettings = {
				ALWAYS_SEARCH_USER_PATHS = NO;
				CLANG_ANALYZER_NONNULL = YES;
				CLANG_ANALYZER_NUMBER_OBJECT_CONVERSION = YES_AGGRESSIVE;
				CLANG_CXX_LANGUAGE_STANDARD = "gnu++17";
				CLANG_ENABLE_MODULES = YES;
				CLANG_ENABLE_OBJC_ARC = YES;
				CLANG_ENABLE_OBJC_WEAK = YES;
				CLANG_WARN_BLOCK_CAPTURE_AUTORELEASING = YES;
				CLANG_WARN_BOOL_CONVERSION = YES;
				CLANG_WARN_COMMA = YES;
				CLANG_WARN_CONSTANT_CONVERSION = YES;
				CLANG_WARN_DEPRECATED_OBJC_IMPLEMENTATIONS = YES;
				CLANG_WARN_DIRECT_OBJC_ISA_USAGE = YES_ERROR;
				CLANG_WARN_DOCUMENTATION_COMMENTS = YES;
				CLANG_WARN_EMPTY_BODY = YES;
				CLANG_WARN_ENUM_CONVERSION = YES;
				CLANG_WARN_INFINITE_RECURSION = YES;
				CLANG_WARN_INT_CONVERSION = YES;
				CLANG_WARN_NON_LITERAL_NULL_CONVERSION = YES;
				CLANG_WARN_OBJC_IMPLICIT_RETAIN_SELF = YES;
				CLANG_WARN_OBJC_LITERAL_CONVERSION = YES;
				CLANG_WARN_OBJC_ROOT_CLASS = YES_ERROR;
				CLANG_WARN_QUOTED_INCLUDE_IN_FRAMEWORK_HEADER = YES;
				CLANG_WARN_RANGE_LOOP_ANALYSIS = YES;
				CLANG_WARN_STRICT_PROTOTYPES = YES;
				CLANG_WARN_SUSPICIOUS_MOVE = YES;
				CLANG_WARN_UNGUARDED_AVAILABILITY = YES_AGGRESSIVE;
				CLANG_WARN_UNREACHABLE_CODE = YES;
				CLANG_WARN__DUPLICATE_METHOD_MATCH = YES;
				COPY_PHASE_STRIP = NO;
				DEBUG_INFORMATION_FORMAT = dwarf;
				ENABLE_STRICT_OBJC_MSGSEND = YES;
				ENABLE_TESTABILITY = YES;
				GCC_C_LANGUAGE_STANDARD = gnu11;
				GCC_DYNAMIC_NO_PIC = NO;
				GCC_NO_COMMON_BLOCKS = YES;
				GCC_OPTIMIZATION_LEVEL = 0;
				GCC_PREPROCESSOR_DEFINITIONS = (
					"DEBUG=1",
					"$(inherited)",
				);
				GCC_WARN_64_TO_32_BIT_CONVERSION = YES;
				GCC_WARN_ABOUT_RETURN_TYPE = YES_ERROR;
				GCC_WARN_UNDECLARED_SELECTOR = YES;
				GCC_WARN_UNINITIALIZED_AUTOS = YES_AGGRESSIVE;
				GCC_WARN_UNUSED_FUNCTION = YES;
				GCC_WARN_UNUSED_VARIABLE = YES;
				IPHONEOS_DEPLOYMENT_TARGET = 15.4;
				MTL_ENABLE_DEBUG_INFO = INCLUDE_SOURCE;
				MTL_FAST_MATH = YES;
				ONLY_ACTIVE_ARCH = YES;
				SDKROOT = iphoneos;
				SWIFT_ACTIVE_COMPILATION_CONDITIONS = DEBUG;
				SWIFT_OPTIMIZATION_LEVEL = "-Onone";
			};
			name = Debug;
		};
		2F52DE7C29C67A39000B695D /* Release */ = {
			isa = XCBuildConfiguration;
			buildSettings = {
				ALWAYS_SEARCH_USER_PATHS = NO;
				CLANG_ANALYZER_NONNULL = YES;
				CLANG_ANALYZER_NUMBER_OBJECT_CONVERSION = YES_AGGRESSIVE;
				CLANG_CXX_LANGUAGE_STANDARD = "gnu++17";
				CLANG_ENABLE_MODULES = YES;
				CLANG_ENABLE_OBJC_ARC = YES;
				CLANG_ENABLE_OBJC_WEAK = YES;
				CLANG_WARN_BLOCK_CAPTURE_AUTORELEASING = YES;
				CLANG_WARN_BOOL_CONVERSION = YES;
				CLANG_WARN_COMMA = YES;
				CLANG_WARN_CONSTANT_CONVERSION = YES;
				CLANG_WARN_DEPRECATED_OBJC_IMPLEMENTATIONS = YES;
				CLANG_WARN_DIRECT_OBJC_ISA_USAGE = YES_ERROR;
				CLANG_WARN_DOCUMENTATION_COMMENTS = YES;
				CLANG_WARN_EMPTY_BODY = YES;
				CLANG_WARN_ENUM_CONVERSION = YES;
				CLANG_WARN_INFINITE_RECURSION = YES;
				CLANG_WARN_INT_CONVERSION = YES;
				CLANG_WARN_NON_LITERAL_NULL_CONVERSION = YES;
				CLANG_WARN_OBJC_IMPLICIT_RETAIN_SELF = YES;
				CLANG_WARN_OBJC_LITERAL_CONVERSION = YES;
				CLANG_WARN_OBJC_ROOT_CLASS = YES_ERROR;
				CLANG_WARN_QUOTED_INCLUDE_IN_FRAMEWORK_HEADER = YES;
				CLANG_WARN_RANGE_LOOP_ANALYSIS = YES;
				CLANG_WARN_STRICT_PROTOTYPES = YES;
				CLANG_WARN_SUSPICIOUS_MOVE = YES;
				CLANG_WARN_UNGUARDED_AVAILABILITY = YES_AGGRESSIVE;
				CLANG_WARN_UNREACHABLE_CODE = YES;
				CLANG_WARN__DUPLICATE_METHOD_MATCH = YES;
				COPY_PHASE_STRIP = NO;
				DEBUG_INFORMATION_FORMAT = "dwarf-with-dsym";
				ENABLE_NS_ASSERTIONS = NO;
				ENABLE_STRICT_OBJC_MSGSEND = YES;
				GCC_C_LANGUAGE_STANDARD = gnu11;
				GCC_NO_COMMON_BLOCKS = YES;
				GCC_WARN_64_TO_32_BIT_CONVERSION = YES;
				GCC_WARN_ABOUT_RETURN_TYPE = YES_ERROR;
				GCC_WARN_UNDECLARED_SELECTOR = YES;
				GCC_WARN_UNINITIALIZED_AUTOS = YES_AGGRESSIVE;
				GCC_WARN_UNUSED_FUNCTION = YES;
				GCC_WARN_UNUSED_VARIABLE = YES;
				IPHONEOS_DEPLOYMENT_TARGET = 15.4;
				MTL_ENABLE_DEBUG_INFO = NO;
				MTL_FAST_MATH = YES;
				SDKROOT = iphoneos;
				SWIFT_COMPILATION_MODE = wholemodule;
				SWIFT_OPTIMIZATION_LEVEL = "-O";
				VALIDATE_PRODUCT = YES;
			};
			name = Release;
		};
		2F52DE7E29C67A39000B695D /* Debug */ = {
			isa = XCBuildConfiguration;
			buildSettings = {
				ASSETCATALOG_COMPILER_APPICON_NAME = AppIcon;
				ASSETCATALOG_COMPILER_GLOBAL_ACCENT_COLOR_NAME = AccentColor;
				CODE_SIGN_STYLE = Automatic;
				CURRENT_PROJECT_VERSION = 1;
				DEVELOPMENT_TEAM = 78PV2V3EX4;
				GENERATE_INFOPLIST_FILE = YES;
				INFOPLIST_KEY_UIApplicationSupportsIndirectInputEvents = YES;
				INFOPLIST_KEY_UILaunchStoryboardName = LaunchScreen;
				INFOPLIST_KEY_UIMainStoryboardFile = Main;
				INFOPLIST_KEY_UIStatusBarHidden = YES;
				INFOPLIST_KEY_UISupportedInterfaceOrientations_iPad = "UIInterfaceOrientationPortrait UIInterfaceOrientationPortraitUpsideDown UIInterfaceOrientationLandscapeLeft UIInterfaceOrientationLandscapeRight";
				INFOPLIST_KEY_UISupportedInterfaceOrientations_iPhone = "UIInterfaceOrientationPortrait UIInterfaceOrientationLandscapeLeft UIInterfaceOrientationLandscapeRight";
				LD_RUNPATH_SEARCH_PATHS = (
					"$(inherited)",
					"@executable_path/Frameworks",
				);
				MARKETING_VERSION = 1.0;
				PRODUCT_BUNDLE_IDENTIFIER = "com.sgrutman978.Speed-Square";
				PRODUCT_NAME = "$(TARGET_NAME)";
				SWIFT_EMIT_LOC_STRINGS = YES;
				SWIFT_VERSION = 5.0;
				TARGETED_DEVICE_FAMILY = "1,2";
			};
			name = Debug;
		};
		2F52DE7F29C67A39000B695D /* Release */ = {
			isa = XCBuildConfiguration;
			buildSettings = {
				ASSETCATALOG_COMPILER_APPICON_NAME = AppIcon;
				ASSETCATALOG_COMPILER_GLOBAL_ACCENT_COLOR_NAME = AccentColor;
				CODE_SIGN_STYLE = Automatic;
				CURRENT_PROJECT_VERSION = 1;
				DEVELOPMENT_TEAM = 78PV2V3EX4;
				GENERATE_INFOPLIST_FILE = YES;
				INFOPLIST_KEY_UIApplicationSupportsIndirectInputEvents = YES;
				INFOPLIST_KEY_UILaunchStoryboardName = LaunchScreen;
				INFOPLIST_KEY_UIMainStoryboardFile = Main;
				INFOPLIST_KEY_UIStatusBarHidden = YES;
				INFOPLIST_KEY_UISupportedInterfaceOrientations_iPad = "UIInterfaceOrientationPortrait UIInterfaceOrientationPortraitUpsideDown UIInterfaceOrientationLandscapeLeft UIInterfaceOrientationLandscapeRight";
				INFOPLIST_KEY_UISupportedInterfaceOrientations_iPhone = "UIInterfaceOrientationPortrait UIInterfaceOrientationLandscapeLeft UIInterfaceOrientationLandscapeRight";
				LD_RUNPATH_SEARCH_PATHS = (
					"$(inherited)",
					"@executable_path/Frameworks",
				);
				MARKETING_VERSION = 1.0;
				PRODUCT_BUNDLE_IDENTIFIER = "com.sgrutman978.Speed-Square";
				PRODUCT_NAME = "$(TARGET_NAME)";
				SWIFT_EMIT_LOC_STRINGS = YES;
				SWIFT_VERSION = 5.0;
				TARGETED_DEVICE_FAMILY = "1,2";
			};
			name = Release;
		};
/* End XCBuildConfiguration section */

/* Begin XCConfigurationList section */
		2F52DE6129C67A38000B695D /* Build configuration list for PBXProject "Speed Square" */ = {
			isa = XCConfigurationList;
			buildConfigurations = (
				2F52DE7B29C67A39000B695D /* Debug */,
				2F52DE7C29C67A39000B695D /* Release */,
			);
			defaultConfigurationIsVisible = 0;
			defaultConfigurationName = Release;
		};
		2F52DE7D29C67A39000B695D /* Build configuration list for PBXNativeTarget "Speed Square" */ = {
			isa = XCConfigurationList;
			buildConfigurations = (
				2F52DE7E29C67A39000B695D /* Debug */,
				2F52DE7F29C67A39000B695D /* Release */,
			);
			defaultConfigurationIsVisible = 0;
			defaultConfigurationName = Release;
		};
/* End XCConfigurationList section */
	};
	rootObject = 2F52DE5E29C67A38000B695D /* Project object */;
}
